
Microsoft Visual Studio Solution File, Format Version 12.00
# Visual Studio Version 17
VisualStudioVersion = 17.2.32630.192
MinimumVisualStudioVersion = 10.0.40219.1
Project("{8BC9CEB8-8B4A-11D0-8D11-00A0C91BC942}") = "水仙花数", "水仙花数\水仙花数.vcxproj", "{620C8F2A-CBAF-4B29-889C-BFE71F3238D2}"
EndProject
Global
	GlobalSection(SolutionConfigurationPlatforms) = preSolution
		Debug|x64 = Debug|x64
		Debug|x86 = Debug|x86
		Release|x64 = Release|x64
		Release|x86 = Release|x86
	EndGlobalSection
	GlobalSection(ProjectConfigurationPlatforms) = postSolution
		{620C8F2A-CBAF-4B29-889C-BFE71F3238D2}.Debug|x64.ActiveCfg = Debug|x64
		{620C8F2A-CBAF-4B29-889C-BFE71F3238D2}.Debug|x64.Build.0 = Debug|x64
		{620C8F2A-CBAF-4B29-889C-BFE71F3238D2}.Debug|x86.ActiveCfg = Debug|Win32
		{620C8F2A-CBAF-4B29-889C-BFE71F3238D2}.Debug|x86.Build.0 = Debug|Win32
		{620C8F2A-CBAF-4B29-889C-BFE71F3238D2}.Release|x64.ActiveCfg = Release|x64
		{620C8F2A-CBAF-4B29-889C-BFE71F3238D2}.Release|x64.Build.0 = Release|x64
		{620C8F2A-CBAF-4B29-889C-BFE71F3238D2}.Release|x86.ActiveCfg = Release|Win32
		{620C8F2A-CBAF-4B29-889C-BFE71F3238D2}.Release|x86.Build.0 = Release|Win32
	EndGlobalSection
	GlobalSection(SolutionProperties) = preSolution
		HideSolutionNode = FALSE
	EndGlobalSection
	GlobalSection(ExtensibilityGlobals) = postSolution
		SolutionGuid = {C99FD337-9792-40F1-B21E-90B68D75A826}
	EndGlobalSection
EndGlobal
