
Microsoft Visual Studio Solution File, Format Version 12.00
# Visual Studio Version 17
VisualStudioVersion = 17.2.32630.192
MinimumVisualStudioVersion = 10.0.40219.1
Project("{8BC9CEB8-8B4A-11D0-8D11-00A0C91BC942}") = "wuzhiqi", "wuzhiqi\wuzhiqi.vcxproj", "{927F725F-9726-4A86-9563-F322F961727D}"
EndProject
Global
	GlobalSection(SolutionConfigurationPlatforms) = preSolution
		Debug|x64 = Debug|x64
		Debug|x86 = Debug|x86
		Release|x64 = Release|x64
		Release|x86 = Release|x86
	EndGlobalSection
	GlobalSection(ProjectConfigurationPlatforms) = postSolution
		{927F725F-9726-4A86-9563-F322F961727D}.Debug|x64.ActiveCfg = Debug|x64
		{927F725F-9726-4A86-9563-F322F961727D}.Debug|x64.Build.0 = Debug|x64
		{927F725F-9726-4A86-9563-F322F961727D}.Debug|x86.ActiveCfg = Debug|Win32
		{927F725F-9726-4A86-9563-F322F961727D}.Debug|x86.Build.0 = Debug|Win32
		{927F725F-9726-4A86-9563-F322F961727D}.Release|x64.ActiveCfg = Release|x64
		{927F725F-9726-4A86-9563-F322F961727D}.Release|x64.Build.0 = Release|x64
		{927F725F-9726-4A86-9563-F322F961727D}.Release|x86.ActiveCfg = Release|Win32
		{927F725F-9726-4A86-9563-F322F961727D}.Release|x86.Build.0 = Release|Win32
	EndGlobalSection
	GlobalSection(SolutionProperties) = preSolution
		HideSolutionNode = FALSE
	EndGlobalSection
	GlobalSection(ExtensibilityGlobals) = postSolution
		SolutionGuid = {5B36CA7F-5EBC-4DF7-BA24-F27C58263C0A}
	EndGlobalSection
EndGlobal
